<Solution>
  <Folder Name="/Solution Items/">
    <File Path=".release-please-manifest.json" />
    <File Path="release-please-config.json" />
    <File Path="sources.json" />
  </Folder>
  <Folder Name="/src/">
    <Project Path="src/KubernetesCRDModelGen.Sync/KubernetesCRDModelGen.Sync.csproj" />
  </Folder>
</Solution>
