<Solution>
  <Folder Name="/src/" />
  <Folder Name="/src/akuity.io/">
    <Project Path="src/akuity.io/KubernetesCRDModelGen.Models.akuity.io.csproj" />
  </Folder>
  <Folder Name="/src/aquasecurity.github.io/">
    <Project Path="src/aquasecurity.github.io/KubernetesCRDModelGen.Models.aquasecurity.github.io.csproj" />
  </Folder>
</Solution>
